
Microsoft Visual Studio Solution File, Format Version 12.00
# Visual Studio Version 17
VisualStudioVersion = 17.5.002.0
MinimumVisualStudioVersion = 10.0.40219.1
Project("{9A19103F-16F7-4668-BE54-9A1E7A4F7556}") = "BasicCrud", "BasicCrud.csproj", "{2F3A2F8E-5137-4A29-872C-774404AC035F}"
EndProject
Global
	GlobalSection(SolutionConfigurationPlatforms) = preSolution
		Debug|Any CPU = Debug|Any CPU
		Release|Any CPU = Release|Any CPU
	EndGlobalSection
	GlobalSection(ProjectConfigurationPlatforms) = postSolution
		{2F3A2F8E-5137-4A29-872C-774404AC035F}.Debug|Any CPU.ActiveCfg = Debug|Any CPU
		{2F3A2F8E-5137-4A29-872C-774404AC035F}.Debug|Any CPU.Build.0 = Debug|Any CPU
		{2F3A2F8E-5137-4A29-872C-774404AC035F}.Release|Any CPU.ActiveCfg = Release|Any CPU
		{2F3A2F8E-5137-4A29-872C-774404AC035F}.Release|Any CPU.Build.0 = Release|Any CPU
	EndGlobalSection
	GlobalSection(SolutionProperties) = preSolution
		HideSolutionNode = FALSE
	EndGlobalSection
	GlobalSection(ExtensibilityGlobals) = postSolution
		SolutionGuid = {841F754B-8B33-4EFE-8B2C-CF6C02C37BC3}
	EndGlobalSection
EndGlobal
